# THIS IS AN AUTOGENERATED FILE. DO NOT EDIT THIS FILE DIRECTLY.
# yarn lockfile v1


is-array-same@^0.0.1:
  version "0.0.1"
  resolved "https://registry.yarnpkg.com/is-array-same/-/is-array-same-0.0.1.tgz#b256371954055b863d62d2a6bbf9aafec388428a"
  integrity sha512-9439JGB8E5Y0cQdZgcPaVHtX2RcLcCsh7czZeVh7RIO5LUuNfw33Oc1yD1XkysJYYYCTQu90oFqYzM7Q21/e3w==
